
Microsoft Visual Studio Solution File, Format Version 12.00
# Visual Studio Version 17
VisualStudioVersion = 17.9.34723.18
MinimumVisualStudioVersion = 10.0.40219.1
Project("{FAE04EC0-301F-11D3-BF4B-00C04F79EFBC}") = "AlgorithmsAndStructuresPlaybook", "AlgorithmsAndStructuresPlaybook\AlgorithmsAndStructuresPlaybook.csproj", "{884100C8-BEBD-4781-B4E2-AD74CF453598}"
EndProject
Global
	GlobalSection(SolutionConfigurationPlatforms) = preSolution
		Debug|Any CPU = Debug|Any CPU
		Release|Any CPU = Release|Any CPU
	EndGlobalSection
	GlobalSection(ProjectConfigurationPlatforms) = postSolution
		{884100C8-BEBD-4781-B4E2-AD74CF453598}.Debug|Any CPU.ActiveCfg = Debug|Any CPU
		{884100C8-BEBD-4781-B4E2-AD74CF453598}.Debug|Any CPU.Build.0 = Debug|Any CPU
		{884100C8-BEBD-4781-B4E2-AD74CF453598}.Release|Any CPU.ActiveCfg = Release|Any CPU
		{884100C8-BEBD-4781-B4E2-AD74CF453598}.Release|Any CPU.Build.0 = Release|Any CPU
	EndGlobalSection
	GlobalSection(SolutionProperties) = preSolution
		HideSolutionNode = FALSE
	EndGlobalSection
	GlobalSection(ExtensibilityGlobals) = postSolution
		SolutionGuid = {15738511-D0DE-4C88-9A96-20C31425C418}
	EndGlobalSection
EndGlobal
